{
  "requires": true,
  "lockfileVersion": 1,
  "dependencies": {
    "bson": {
      "version": "1.1.4",
      "resolved": "https://registry.npmjs.org/bson/-/bson-1.1.4.tgz",
      "integrity": "sha512-S/yKGU1syOMzO86+dGpg2qGoDL0zvzcb262G+gqEy6TgP6rt6z6qxSFX/8X6vLC91P7G7C3nLs0+bvDzmvBA3Q==",
      "optional": true
    },
    "lodash": {
      "version": "4.17.19",
      "resolved": "https://registry.npmjs.org/lodash/-/lodash-4.17.19.tgz",
      "integrity": "sha512-JNvd8XER9GQX0v2qJgsaN/mzFCNA5BRe/j8JN9d+tWyGLSodKQHKFicdwNYzWwI3wjRnaKPsGj1XkBjx/F96DQ=="
    },
    "safe": {
      "version": "0.4.6",
      "resolved": "https://registry.npmjs.org/safe/-/safe-0.4.6.tgz",
      "integrity": "sha1-HVWAzyY1xcuUDqSPtQga48JbG+E="
    },
    "safe-buffer": {
      "version": "5.2.1",
      "resolved": "https://registry.npmjs.org/safe-buffer/-/safe-buffer-5.2.1.tgz",
      "integrity": "sha512-rp3So07KcdmmKbGvgaNxQSJr7bGVSVk5S9Eq1F+ppbRo70+YeaDxkw5Dd8NPN+GD6bjnYm2VuPuCXmpuYvmCXQ=="
    },
    "tingodb": {
      "version": "0.6.1",
      "resolved": "https://registry.npmjs.org/tingodb/-/tingodb-0.6.1.tgz",
      "integrity": "sha1-9jM2JZr336bJDf4lVqDfsNTu3lk=",
      "requires": {
        "bson": "^1.0.4",
        "lodash": "^4.17.5",
        "safe": "^0.4.5",
        "safe-buffer": "^5.1.1"
      }
    }
  }
}
